hash: 68fff413f05ab5e04bcbfd61d89809401562be8f4df9162d07edceb4e519c194
updated: 2017-07-13T20:34:06.271578095-03:00
imports:
- name: github.com/andybalholm/cascadia
  version: c760b1dcbcaa399dcf52476239e801ab9e38cdaf
- name: github.com/apex/log
  version: c760b1dcbcaa399dcf52476239e801ab9e38cdaf
- name: github.com/caarlos0/env
  version: 0cf029d5748c52beb2c9d20c81880cb4bdf8f788
- name: github.com/gorilla/context
  version: c760b1dcbcaa399dcf52476239e801ab9e38cdaf
- name: github.com/gorilla/mux
  version: c760b1dcbcaa399dcf52476239e801ab9e38cdaf
- name: github.com/jmoiron/sqlx
  version: d9bd385d68c068f1fabb5057e3dedcbcbb039d0f
  subpackages:
  - reflectx
- name: github.com/pkg/errors
  version: c760b1dcbcaa399dcf52476239e801ab9e38cdaf
- name: github.com/PuerkitoBio/goquery
  version: c760b1dcbcaa399dcf52476239e801ab9e38cdaf
- name: golang.org/x/net
  version: c760b1dcbcaa399dcf52476239e801ab9e38cdaf
  subpackages:
  - html
  - html/atom
devImports: []
